
Microsoft Visual Studio Solution File, Format Version 12.00
# Visual Studio Version 16
VisualStudioVersion = 16.0.29806.167
MinimumVisualStudioVersion = 10.0.40219.1
Project("{FAE04EC0-301F-11D3-BF4B-00C04F79EFBC}") = "App39", "App39.csproj", "{AE19C69D-06AD-4952-9231-2FB47630B9BC}"
EndProject
Global
	GlobalSection(SolutionConfigurationPlatforms) = preSolution
		Debug|Any CPU = Debug|Any CPU
		Release|Any CPU = Release|Any CPU
	EndGlobalSection
	GlobalSection(ProjectConfigurationPlatforms) = postSolution
		{AE19C69D-06AD-4952-9231-2FB47630B9BC}.Debug|Any CPU.ActiveCfg = Debug|Any CPU
		{AE19C69D-06AD-4952-9231-2FB47630B9BC}.Debug|Any CPU.Build.0 = Debug|Any CPU
		{AE19C69D-06AD-4952-9231-2FB47630B9BC}.Release|Any CPU.ActiveCfg = Release|Any CPU
		{AE19C69D-06AD-4952-9231-2FB47630B9BC}.Release|Any CPU.Build.0 = Release|Any CPU
	EndGlobalSection
	GlobalSection(SolutionProperties) = preSolution
		HideSolutionNode = FALSE
	EndGlobalSection
	GlobalSection(ExtensibilityGlobals) = postSolution
		SolutionGuid = {9BF4741B-A2E9-402C-8D7B-D58C963012B3}
	EndGlobalSection
EndGlobal
